
Microsoft Visual Studio Solution File, Format Version 12.00
# Visual Studio Version 16
VisualStudioVersion = 16.0.32602.291
MinimumVisualStudioVersion = 10.0.40219.1
Project("{FAE04EC0-301F-11D3-BF4B-00C04F79EFBC}") = "HotelReserver", "HotelReserver.csproj", "{3140E1BD-7E19-4EDA-8FC0-F0B76AE46F0B}"
EndProject
Global
	GlobalSection(SolutionConfigurationPlatforms) = preSolution
		Debug|Any CPU = Debug|Any CPU
		Release|Any CPU = Release|Any CPU
	EndGlobalSection
	GlobalSection(ProjectConfigurationPlatforms) = postSolution
		{3140E1BD-7E19-4EDA-8FC0-F0B76AE46F0B}.Debug|Any CPU.ActiveCfg = Debug|Any CPU
		{3140E1BD-7E19-4EDA-8FC0-F0B76AE46F0B}.Debug|Any CPU.Build.0 = Debug|Any CPU
		{3140E1BD-7E19-4EDA-8FC0-F0B76AE46F0B}.Release|Any CPU.ActiveCfg = Release|Any CPU
		{3140E1BD-7E19-4EDA-8FC0-F0B76AE46F0B}.Release|Any CPU.Build.0 = Release|Any CPU
	EndGlobalSection
	GlobalSection(SolutionProperties) = preSolution
		HideSolutionNode = FALSE
	EndGlobalSection
	GlobalSection(ExtensibilityGlobals) = postSolution
		SolutionGuid = {D3ABBE93-1D98-45DD-AC33-3C178BE92546}
	EndGlobalSection
EndGlobal
